
Microsoft Visual Studio Solution File, Format Version 12.00
# Visual Studio Version 16
VisualStudioVersion = 16.0.31729.503
MinimumVisualStudioVersion = 10.0.40219.1
Project("{FAE04EC0-301F-11D3-BF4B-00C04F79EFBC}") = "ImgProcessor", "ImgProcessor\ImgProcessor.csproj", "{CE57BF0A-34A2-4229-818E-911E8F49CED5}"
EndProject
Global
	GlobalSection(SolutionConfigurationPlatforms) = preSolution
		Debug|Any CPU = Debug|Any CPU
		Release|Any CPU = Release|Any CPU
	EndGlobalSection
	GlobalSection(ProjectConfigurationPlatforms) = postSolution
		{CE57BF0A-34A2-4229-818E-911E8F49CED5}.Debug|Any CPU.ActiveCfg = Debug|Any CPU
		{CE57BF0A-34A2-4229-818E-911E8F49CED5}.Debug|Any CPU.Build.0 = Debug|Any CPU
		{CE57BF0A-34A2-4229-818E-911E8F49CED5}.Release|Any CPU.ActiveCfg = Release|Any CPU
		{CE57BF0A-34A2-4229-818E-911E8F49CED5}.Release|Any CPU.Build.0 = Release|Any CPU
	EndGlobalSection
	GlobalSection(SolutionProperties) = preSolution
		HideSolutionNode = FALSE
	EndGlobalSection
	GlobalSection(ExtensibilityGlobals) = postSolution
		SolutionGuid = {CC3202BB-8B66-433B-A281-49AE179E77B1}
	EndGlobalSection
EndGlobal
